// !$*UTF8*$!
{
	archiveVersion = 1;
	classes = {
	};
	objectVersion = 46;
	objects = {

/* Begin PBXBuildFile section */
		8B92F3F21C906CF200FFE103 /* AppDelegate.swift in Sources */ = {isa = PBXBuildFile; fileRef = 8B92F3F11C906CF200FFE103 /* AppDelegate.swift */; };
		8B92F3F41C906CF200FFE103 /* LoginViewController.swift in Sources */ = {isa = PBXBuildFile; fileRef = 8B92F3F31C906CF200FFE103 /* LoginViewController.swift */; };
		8B92F3F71C906CF200FFE103 /* Main.storyboard in Resources */ = {isa = PBXBuildFile; fileRef = 8B92F3F51C906CF200FFE103 /* Main.storyboard */; };
		8B92F3F91C906CF200FFE103 /* Assets.xcassets in Resources */ = {isa = PBXBuildFile; fileRef = 8B92F3F81C906CF200FFE103 /* Assets.xcassets */; };
		8B92F3FC1C906CF200FFE103 /* LaunchScreen.storyboard in Resources */ = {isa = PBXBuildFile; fileRef = 8B92F3FA1C906CF200FFE103 /* LaunchScreen.storyboard */; };
		8BF7B3891C9093F4005E6FCB /* StaffProyectViewController.swift in Sources */ = {isa = PBXBuildFile; fileRef = 8BF7B3881C9093F4005E6FCB /* StaffProyectViewController.swift */; };
		8BF7B38B1C909591005E6FCB /* StaffAlumnosTecViewController.swift in Sources */ = {isa = PBXBuildFile; fileRef = 8BF7B38A1C909591005E6FCB /* StaffAlumnosTecViewController.swift */; };
		8BF7B38D1C9095AC005E6FCB /* StaffBeneficiariosViewController.swift in Sources */ = {isa = PBXBuildFile; fileRef = 8BF7B38C1C9095AC005E6FCB /* StaffBeneficiariosViewController.swift */; };
		8BF7B38F1C9098CB005E6FCB /* AdminProyectosViewController.swift in Sources */ = {isa = PBXBuildFile; fileRef = 8BF7B38E1C9098CB005E6FCB /* AdminProyectosViewController.swift */; };
		8BF7B3911C9098E7005E6FCB /* AdminDetalleViewController.swift in Sources */ = {isa = PBXBuildFile; fileRef = 8BF7B3901C9098E7005E6FCB /* AdminDetalleViewController.swift */; };
		8BF7B3931C909906005E6FCB /* SocioProyectoViewController.swift in Sources */ = {isa = PBXBuildFile; fileRef = 8BF7B3921C909906005E6FCB /* SocioProyectoViewController.swift */; };
/* End PBXBuildFile section */

/* Begin PBXFileReference section */
		8B92F3EE1C906CF200FFE103 /* MovilesMPS.app */ = {isa = PBXFileReference; explicitFileType = wrapper.application; includeInIndex = 0; path = MovilesMPS.app; sourceTree = BUILT_PRODUCTS_DIR; };
		8B92F3F11C906CF200FFE103 /* AppDelegate.swift */ = {isa = PBXFileReference; lastKnownFileType = sourcecode.swift; path = AppDelegate.swift; sourceTree = "<group>"; };
		8B92F3F31C906CF200FFE103 /* LoginViewController.swift */ = {isa = PBXFileReference; lastKnownFileType = sourcecode.swift; path = LoginViewController.swift; sourceTree = "<group>"; };
		8B92F3F61C906CF200FFE103 /* Base */ = {isa = PBXFileReference; lastKnownFileType = file.storyboard; name = Base; path = Base.lproj/Main.storyboard; sourceTree = "<group>"; };
		8B92F3F81C906CF200FFE103 /* Assets.xcassets */ = {isa = PBXFileReference; lastKnownFileType = folder.assetcatalog; path = Assets.xcassets; sourceTree = "<group>"; };
		8B92F3FB1C906CF200FFE103 /* Base */ = {isa = PBXFileReference; lastKnownFileType = file.storyboard; name = Base; path = Base.lproj/LaunchScreen.storyboard; sourceTree = "<group>"; };
		8B92F3FD1C906CF200FFE103 /* Info.plist */ = {isa = PBXFileReference; lastKnownFileType = text.plist.xml; path = Info.plist; sourceTree = "<group>"; };
		8BF7B3881C9093F4005E6FCB /* StaffProyectViewController.swift */ = {isa = PBXFileReference; fileEncoding = 4; lastKnownFileType = sourcecode.swift; path = StaffProyectViewController.swift; sourceTree = "<group>"; };
		8BF7B38A1C909591005E6FCB /* StaffAlumnosTecViewController.swift */ = {isa = PBXFileReference; fileEncoding = 4; lastKnownFileType = sourcecode.swift; path = StaffAlumnosTecViewController.swift; sourceTree = "<group>"; };
		8BF7B38C1C9095AC005E6FCB /* StaffBeneficiariosViewController.swift */ = {isa = PBXFileReference; fileEncoding = 4; lastKnownFileType = sourcecode.swift; path = StaffBeneficiariosViewController.swift; sourceTree = "<group>"; };
		8BF7B38E1C9098CB005E6FCB /* AdminProyectosViewController.swift */ = {isa = PBXFileReference; fileEncoding = 4; lastKnownFileType = sourcecode.swift; path = AdminProyectosViewController.swift; sourceTree = "<group>"; };
		8BF7B3901C9098E7005E6FCB /* AdminDetalleViewController.swift */ = {isa = PBXFileReference; fileEncoding = 4; lastKnownFileType = sourcecode.swift; path = AdminDetalleViewController.swift; sourceTree = "<group>"; };
		8BF7B3921C909906005E6FCB /* SocioProyectoViewController.swift */ = {isa = PBXFileReference; fileEncoding = 4; lastKnownFileType = sourcecode.swift; path = SocioProyectoViewController.swift; sourceTree = "<group>"; };
/* End PBXFileReference section */

/* Begin PBXFrameworksBuildPhase section */
		8B92F3EB1C906CF200FFE103 /* Frameworks */ = {
			isa = PBXFrameworksBuildPhase;
			buildActionMask = 2147483647;
			files = (
			);
			runOnlyForDeploymentPostprocessing = 0;
		};
/* End PBXFrameworksBuildPhase section */

/* Begin PBXGroup section */
		8B92F3E51C906CF200FFE103 = {
			isa = PBXGroup;
			children = (
				8B92F3F01C906CF200FFE103 /* MovilesMPS */,
				8B92F3EF1C906CF200FFE103 /* Products */,
			);
			sourceTree = "<group>";
		};
		8B92F3EF1C906CF200FFE103 /* Products */ = {
			isa = PBXGroup;
			children = (
				8B92F3EE1C906CF200FFE103 /* MovilesMPS.app */,
			);
			name = Products;
			sourceTree = "<group>";
		};
		8B92F3F01C906CF200FFE103 /* MovilesMPS */ = {
			isa = PBXGroup;
			children = (
				8B92F3F11C906CF200FFE103 /* AppDelegate.swift */,
				8B92F3F31C906CF200FFE103 /* LoginViewController.swift */,
				8B92F3F51C906CF200FFE103 /* Main.storyboard */,
				8B92F3F81C906CF200FFE103 /* Assets.xcassets */,
				8B92F3FA1C906CF200FFE103 /* LaunchScreen.storyboard */,
				8B92F3FD1C906CF200FFE103 /* Info.plist */,
				8BF7B3881C9093F4005E6FCB /* StaffProyectViewController.swift */,
				8BF7B38A1C909591005E6FCB /* StaffAlumnosTecViewController.swift */,
				8BF7B38C1C9095AC005E6FCB /* StaffBeneficiariosViewController.swift */,
				8BF7B38E1C9098CB005E6FCB /* AdminProyectosViewController.swift */,
				8BF7B3901C9098E7005E6FCB /* AdminDetalleViewController.swift */,
				8BF7B3921C909906005E6FCB /* SocioProyectoViewController.swift */,
			);
			path = MovilesMPS;
			sourceTree = "<group>";
		};
/* End PBXGroup section */

/* Begin PBXNativeTarget section */
		8B92F3ED1C906CF200FFE103 /* MovilesMPS */ = {
			isa = PBXNativeTarget;
			buildConfigurationList = 8B92F4001C906CF200FFE103 /* Build configuration list for PBXNativeTarget "MovilesMPS" */;
			buildPhases = (
				8B92F3EA1C906CF200FFE103 /* Sources */,
				8B92F3EB1C906CF200FFE103 /* Frameworks */,
				8B92F3EC1C906CF200FFE103 /* Resources */,
			);
			buildRules = (
			);
			dependencies = (
			);
			name = MovilesMPS;
			productName = MovilesMPS;
			productReference = 8B92F3EE1C906CF200FFE103 /* MovilesMPS.app */;
			productType = "com.apple.product-type.application";
		};
/* End PBXNativeTarget section */

/* Begin PBXProject section */
		8B92F3E61C906CF200FFE103 /* Project object */ = {
			isa = PBXProject;
			attributes = {
				LastSwiftUpdateCheck = 0720;
				LastUpgradeCheck = 0720;
				ORGANIZATIONNAME = "Elí Emmanuel";
				TargetAttributes = {
					8B92F3ED1C906CF200FFE103 = {
						CreatedOnToolsVersion = 7.2;
						DevelopmentTeam = LJQCNPGREG;
					};
				};
			};
			buildConfigurationList = 8B92F3E91C906CF200FFE103 /* Build configuration list for PBXProject "MovilesMPS" */;
			compatibilityVersion = "Xcode 3.2";
			developmentRegion = English;
			hasScannedForEncodings = 0;
			knownRegions = (
				en,
				Base,
			);
			mainGroup = 8B92F3E51C906CF200FFE103;
			productRefGroup = 8B92F3EF1C906CF200FFE103 /* Products */;
			projectDirPath = "";
			projectRoot = "";
			targets = (
				8B92F3ED1C906CF200FFE103 /* MovilesMPS */,
			);
		};
/* End PBXProject section */

/* Begin PBXResourcesBuildPhase section */
		8B92F3EC1C906CF200FFE103 /* Resources */ = {
			isa = PBXResourcesBuildPhase;
			buildActionMask = 2147483647;
			files = (
				8B92F3FC1C906CF200FFE103 /* LaunchScreen.storyboard in Resources */,
				8B92F3F91C906CF200FFE103 /* Assets.xcassets in Resources */,
				8B92F3F71C906CF200FFE103 /* Main.storyboard in Resources */,
			);
			runOnlyForDeploymentPostprocessing = 0;
		};
/* End PBXResourcesBuildPhase section */

/* Begin PBXSourcesBuildPhase section */
		8B92F3EA1C906CF200FFE103 /* Sources */ = {
			isa = PBXSourcesBuildPhase;
			buildActionMask = 2147483647;
			files = (
				8BF7B3911C9098E7005E6FCB /* AdminDetalleViewController.swift in Sources */,
				8BF7B38D1C9095AC005E6FCB /* StaffBeneficiariosViewController.swift in Sources */,
				8BF7B38B1C909591005E6FCB /* StaffAlumnosTecViewController.swift in Sources */,
				8B92F3F41C906CF200FFE103 /* LoginViewController.swift in Sources */,
				8BF7B3891C9093F4005E6FCB /* StaffProyectViewController.swift in Sources */,
				8B92F3F21C906CF200FFE103 /* AppDelegate.swift in Sources */,
				8BF7B38F1C9098CB005E6FCB /* AdminProyectosViewController.swift in Sources */,
				8BF7B3931C909906005E6FCB /* SocioProyectoViewController.swift in Sources */,
			);
			runOnlyForDeploymentPostprocessing = 0;
		};
/* End PBXSourcesBuildPhase section */

/* Begin PBXVariantGroup section */
		8B92F3F51C906CF200FFE103 /* Main.storyboard */ = {
			isa = PBXVariantGroup;
			children = (
				8B92F3F61C906CF200FFE103 /* Base */,
			);
			name = Main.storyboard;
			sourceTree = "<group>";
		};
		8B92F3FA1C906CF200FFE103 /* LaunchScreen.storyboard */ = {
			isa = PBXVariantGroup;
			children = (
				8B92F3FB1C906CF200FFE103 /* Base */,
			);
			name = LaunchScreen.storyboard;
			sourceTree = "<group>";
		};
/* End PBXVariantGroup section */

/* Begin XCBuildConfiguration section */
		8B92F3FE1C906CF200FFE103 /* Debug */ = {
			isa = XCBuildConfiguration;
			buildSettings = {
				ALWAYS_SEARCH_USER_PATHS = NO;
				CLANG_CXX_LANGUAGE_STANDARD = "gnu++0x";
				CLANG_CXX_LIBRARY = "libc++";
				CLANG_ENABLE_MODULES = YES;
				CLANG_ENABLE_OBJC_ARC = YES;
				CLANG_WARN_BOOL_CONVERSION = YES;
				CLANG_WARN_CONSTANT_CONVERSION = YES;
				CLANG_WARN_DIRECT_OBJC_ISA_USAGE = YES_ERROR;
				CLANG_WARN_EMPTY_BODY = YES;
				CLANG_WARN_ENUM_CONVERSION = YES;
				CLANG_WARN_INT_CONVERSION = YES;
				CLANG_WARN_OBJC_ROOT_CLASS = YES_ERROR;
				CLANG_WARN_UNREACHABLE_CODE = YES;
				CLANG_WARN__DUPLICATE_METHOD_MATCH = YES;
				"CODE_SIGN_IDENTITY[sdk=iphoneos*]" = "iPhone Developer";
				COPY_PHASE_STRIP = NO;
				DEBUG_INFORMATION_FORMAT = dwarf;
				ENABLE_STRICT_OBJC_MSGSEND = YES;
				ENABLE_TESTABILITY = YES;
				GCC_C_LANGUAGE_STANDARD = gnu99;
				GCC_DYNAMIC_NO_PIC = NO;
				GCC_NO_COMMON_BLOCKS = YES;
				GCC_OPTIMIZATION_LEVEL = 0;
				GCC_PREPROCESSOR_DEFINITIONS = (
					"DEBUG=1",
					"$(inherited)",
				);
				GCC_WARN_64_TO_32_BIT_CONVERSION = YES;
				GCC_WARN_ABOUT_RETURN_TYPE = YES_ERROR;
				GCC_WARN_UNDECLARED_SELECTOR = YES;
				GCC_WARN_UNINITIALIZED_AUTOS = YES_AGGRESSIVE;
				GCC_WARN_UNUSED_FUNCTION = YES;
				GCC_WARN_UNUSED_VARIABLE = YES;
				IPHONEOS_DEPLOYMENT_TARGET = 9.2;
				MTL_ENABLE_DEBUG_INFO = YES;
				ONLY_ACTIVE_ARCH = YES;
				SDKROOT = iphoneos;
				SWIFT_OPTIMIZATION_LEVEL = "-Onone";
			};
			name = Debug;
		};
		8B92F3FF1C906CF200FFE103 /* Release */ = {
			isa = XCBuildConfiguration;
			buildSettings = {
				ALWAYS_SEARCH_USER_PATHS = NO;
				CLANG_CXX_LANGUAGE_STANDARD = "gnu++0x";
				CLANG_CXX_LIBRARY = "libc++";
				CLANG_ENABLE_MODULES = YES;
				CLANG_ENABLE_OBJC_ARC = YES;
				CLANG_WARN_BOOL_CONVERSION = YES;
				CLANG_WARN_CONSTANT_CONVERSION = YES;
				CLANG_WARN_DIRECT_OBJC_ISA_USAGE = YES_ERROR;
				CLANG_WARN_EMPTY_BODY = YES;
				CLANG_WARN_ENUM_CONVERSION = YES;
				CLANG_WARN_INT_CONVERSION = YES;
				CLANG_WARN_OBJC_ROOT_CLASS = YES_ERROR;
				CLANG_WARN_UNREACHABLE_CODE = YES;
				CLANG_WARN__DUPLICATE_METHOD_MATCH = YES;
				"CODE_SIGN_IDENTITY[sdk=iphoneos*]" = "iPhone Developer";
				COPY_PHASE_STRIP = NO;
				DEBUG_INFORMATION_FORMAT = "dwarf-with-dsym";
				ENABLE_NS_ASSERTIONS = NO;
				ENABLE_STRICT_OBJC_MSGSEND = YES;
				GCC_C_LANGUAGE_STANDARD = gnu99;
				GCC_NO_COMMON_BLOCKS = YES;
				GCC_WARN_64_TO_32_BIT_CONVERSION = YES;
				GCC_WARN_ABOUT_RETURN_TYPE = YES_ERROR;
				GCC_WARN_UNDECLARED_SELECTOR = YES;
				GCC_WARN_UNINITIALIZED_AUTOS = YES_AGGRESSIVE;
				GCC_WARN_UNUSED_FUNCTION = YES;
				GCC_WARN_UNUSED_VARIABLE = YES;
				IPHONEOS_DEPLOYMENT_TARGET = 9.2;
				MTL_ENABLE_DEBUG_INFO = NO;
				SDKROOT = iphoneos;
				VALIDATE_PRODUCT = YES;
			};
			name = Release;
		};
		8B92F4011C906CF200FFE103 /* Debug */ = {
			isa = XCBuildConfiguration;
			buildSettings = {
				ASSETCATALOG_COMPILER_APPICON_NAME = AppIcon;
				INFOPLIST_FILE = MovilesMPS/Info.plist;
				LD_RUNPATH_SEARCH_PATHS = "$(inherited) @executable_path/Frameworks";
				PRODUCT_BUNDLE_IDENTIFIER = EELR.MovilesMPS;
				PRODUCT_NAME = "$(TARGET_NAME)";
			};
			name = Debug;
		};
		8B92F4021C906CF200FFE103 /* Release */ = {
			isa = XCBuildConfiguration;
			buildSettings = {
				ASSETCATALOG_COMPILER_APPICON_NAME = AppIcon;
				INFOPLIST_FILE = MovilesMPS/Info.plist;
				LD_RUNPATH_SEARCH_PATHS = "$(inherited) @executable_path/Frameworks";
				PRODUCT_BUNDLE_IDENTIFIER = EELR.MovilesMPS;
				PRODUCT_NAME = "$(TARGET_NAME)";
			};
			name = Release;
		};
/* End XCBuildConfiguration section */

/* Begin XCConfigurationList section */
		8B92F3E91C906CF200FFE103 /* Build configuration list for PBXProject "MovilesMPS" */ = {
			isa = XCConfigurationList;
			buildConfigurations = (
				8B92F3FE1C906CF200FFE103 /* Debug */,
				8B92F3FF1C906CF200FFE103 /* Release */,
			);
			defaultConfigurationIsVisible = 0;
			defaultConfigurationName = Release;
		};
		8B92F4001C906CF200FFE103 /* Build configuration list for PBXNativeTarget "MovilesMPS" */ = {
			isa = XCConfigurationList;
			buildConfigurations = (
				8B92F4011C906CF200FFE103 /* Debug */,
				8B92F4021C906CF200FFE103 /* Release */,
			);
			defaultConfigurationIsVisible = 0;
			defaultConfigurationName = Release;
		};
/* End XCConfigurationList section */
	};
	rootObject = 8B92F3E61C906CF200FFE103 /* Project object */;
}
